// !$*UTF8*$!
{
	archiveVersion = 1;
	classes = {
	};
	objectVersion = 48;
	objects = {

/* Begin PBXBuildFile section */
		099C3B7E20F9184500D4A4AF /* AppDelegate.swift in Sources */ = {isa = PBXBuildFile; fileRef = 099C3B7D20F9184500D4A4AF /* AppDelegate.swift */; };
		099C3B8020F9184500D4A4AF /* ViewController.swift in Sources */ = {isa = PBXBuildFile; fileRef = 099C3B7F20F9184500D4A4AF /* ViewController.swift */; };
		099C3B8320F9184500D4A4AF /* Main.storyboard in Resources */ = {isa = PBXBuildFile; fileRef = 099C3B8120F9184500D4A4AF /* Main.storyboard */; };
		099C3B8520F9184500D4A4AF /* Assets.xcassets in Resources */ = {isa = PBXBuildFile; fileRef = 099C3B8420F9184500D4A4AF /* Assets.xcassets */; };
		099C3B8820F9184500D4A4AF /* LaunchScreen.storyboard in Resources */ = {isa = PBXBuildFile; fileRef = 099C3B8620F9184500D4A4AF /* LaunchScreen.storyboard */; };
/* End PBXBuildFile section */

/* Begin PBXFileReference section */
		099C3B7A20F9184500D4A4AF /* LioPalabras.app */ = {isa = PBXFileReference; explicitFileType = wrapper.application; includeInIndex = 0; path = LioPalabras.app; sourceTree = BUILT_PRODUCTS_DIR; };
		099C3B7D20F9184500D4A4AF /* AppDelegate.swift */ = {isa = PBXFileReference; lastKnownFileType = sourcecode.swift; path = AppDelegate.swift; sourceTree = "<group>"; };
		099C3B7F20F9184500D4A4AF /* ViewController.swift */ = {isa = PBXFileReference; lastKnownFileType = sourcecode.swift; path = ViewController.swift; sourceTree = "<group>"; };
		099C3B8220F9184500D4A4AF /* Base */ = {isa = PBXFileReference; lastKnownFileType = file.storyboard; name = Base; path = Base.lproj/Main.storyboard; sourceTree = "<group>"; };
		099C3B8420F9184500D4A4AF /* Assets.xcassets */ = {isa = PBXFileReference; lastKnownFileType = folder.assetcatalog; path = Assets.xcassets; sourceTree = "<group>"; };
		099C3B8720F9184500D4A4AF /* Base */ = {isa = PBXFileReference; lastKnownFileType = file.storyboard; name = Base; path = Base.lproj/LaunchScreen.storyboard; sourceTree = "<group>"; };
		099C3B8920F9184500D4A4AF /* Info.plist */ = {isa = PBXFileReference; lastKnownFileType = text.plist.xml; path = Info.plist; sourceTree = "<group>"; };
/* End PBXFileReference section */

/* Begin PBXFrameworksBuildPhase section */
		099C3B7720F9184500D4A4AF /* Frameworks */ = {
			isa = PBXFrameworksBuildPhase;
			buildActionMask = 2147483647;
			files = (
			);
			runOnlyForDeploymentPostprocessing = 0;
		};
/* End PBXFrameworksBuildPhase section */

/* Begin PBXGroup section */
		099C3B7120F9184500D4A4AF = {
			isa = PBXGroup;
			children = (
				099C3B7C20F9184500D4A4AF /* LioPalabras */,
				099C3B7B20F9184500D4A4AF /* Products */,
			);
			sourceTree = "<group>";
		};
		099C3B7B20F9184500D4A4AF /* Products */ = {
			isa = PBXGroup;
			children = (
				099C3B7A20F9184500D4A4AF /* LioPalabras.app */,
			);
			name = Products;
			sourceTree = "<group>";
		};
		099C3B7C20F9184500D4A4AF /* LioPalabras */ = {
			isa = PBXGroup;
			children = (
				099C3B7D20F9184500D4A4AF /* AppDelegate.swift */,
				099C3B7F20F9184500D4A4AF /* ViewController.swift */,
				099C3B8120F9184500D4A4AF /* Main.storyboard */,
				099C3B8420F9184500D4A4AF /* Assets.xcassets */,
				099C3B8620F9184500D4A4AF /* LaunchScreen.storyboard */,
				099C3B8920F9184500D4A4AF /* Info.plist */,
			);
			path = LioPalabras;
			sourceTree = "<group>";
		};
/* End PBXGroup section */

/* Begin PBXNativeTarget section */
		099C3B7920F9184500D4A4AF /* LioPalabras */ = {
			isa = PBXNativeTarget;
			buildConfigurationList = 099C3B8C20F9184500D4A4AF /* Build configuration list for PBXNativeTarget "LioPalabras" */;
			buildPhases = (
				099C3B7620F9184500D4A4AF /* Sources */,
				099C3B7720F9184500D4A4AF /* Frameworks */,
				099C3B7820F9184500D4A4AF /* Resources */,
			);
			buildRules = (
			);
			dependencies = (
			);
			name = LioPalabras;
			productName = LioPalabras;
			productReference = 099C3B7A20F9184500D4A4AF /* LioPalabras.app */;
			productType = "com.apple.product-type.application";
		};
/* End PBXNativeTarget section */

/* Begin PBXProject section */
		099C3B7220F9184500D4A4AF /* Project object */ = {
			isa = PBXProject;
			attributes = {
				LastSwiftUpdateCheck = 0920;
				LastUpgradeCheck = 0920;
				ORGANIZATIONNAME = alegs0501;
				TargetAttributes = {
					099C3B7920F9184500D4A4AF = {
						CreatedOnToolsVersion = 9.2;
						ProvisioningStyle = Automatic;
					};
				};
			};
			buildConfigurationList = 099C3B7520F9184500D4A4AF /* Build configuration list for PBXProject "LioPalabras" */;
			compatibilityVersion = "Xcode 8.0";
			developmentRegion = en;
			hasScannedForEncodings = 0;
			knownRegions = (
				en,
				Base,
			);
			mainGroup = 099C3B7120F9184500D4A4AF;
			productRefGroup = 099C3B7B20F9184500D4A4AF /* Products */;
			projectDirPath = "";
			projectRoot = "";
			targets = (
				099C3B7920F9184500D4A4AF /* LioPalabras */,
			);
		};
/* End PBXProject section */

/* Begin PBXResourcesBuildPhase section */
		099C3B7820F9184500D4A4AF /* Resources */ = {
			isa = PBXResourcesBuildPhase;
			buildActionMask = 2147483647;
			files = (
				099C3B8820F9184500D4A4AF /* LaunchScreen.storyboard in Resources */,
				099C3B8520F9184500D4A4AF /* Assets.xcassets in Resources */,
				099C3B8320F9184500D4A4AF /* Main.storyboard in Resources */,
			);
			runOnlyForDeploymentPostprocessing = 0;
		};
/* End PBXResourcesBuildPhase section */

/* Begin PBXSourcesBuildPhase section */
		099C3B7620F9184500D4A4AF /* Sources */ = {
			isa = PBXSourcesBuildPhase;
			buildActionMask = 2147483647;
			files = (
				099C3B8020F9184500D4A4AF /* ViewController.swift in Sources */,
				099C3B7E20F9184500D4A4AF /* AppDelegate.swift in Sources */,
			);
			runOnlyForDeploymentPostprocessing = 0;
		};
/* End PBXSourcesBuildPhase section */

/* Begin PBXVariantGroup section */
		099C3B8120F9184500D4A4AF /* Main.storyboard */ = {
			isa = PBXVariantGroup;
			children = (
				099C3B8220F9184500D4A4AF /* Base */,
			);
			name = Main.storyboard;
			sourceTree = "<group>";
		};
		099C3B8620F9184500D4A4AF /* LaunchScreen.storyboard */ = {
			isa = PBXVariantGroup;
			children = (
				099C3B8720F9184500D4A4AF /* Base */,
			);
			name = LaunchScreen.storyboard;
			sourceTree = "<group>";
		};
/* End PBXVariantGroup section */

/* Begin XCBuildConfiguration section */
		099C3B8A20F9184500D4A4AF /* Debug */ = {
			isa = XCBuildConfiguration;
			buildSettings = {
				ALWAYS_SEARCH_USER_PATHS = NO;
				CLANG_ANALYZER_NONNULL = YES;
				CLANG_ANALYZER_NUMBER_OBJECT_CONVERSION = YES_AGGRESSIVE;
				CLANG_CXX_LANGUAGE_STANDARD = "gnu++14";
				CLANG_CXX_LIBRARY = "libc++";
				CLANG_ENABLE_MODULES = YES;
				CLANG_ENABLE_OBJC_ARC = YES;
				CLANG_WARN_BLOCK_CAPTURE_AUTORELEASING = YES;
				CLANG_WARN_BOOL_CONVERSION = YES;
				CLANG_WARN_COMMA = YES;
				CLANG_WARN_CONSTANT_CONVERSION = YES;
				CLANG_WARN_DIRECT_OBJC_ISA_USAGE = YES_ERROR;
				CLANG_WARN_DOCUMENTATION_COMMENTS = YES;
				CLANG_WARN_EMPTY_BODY = YES;
				CLANG_WARN_ENUM_CONVERSION = YES;
				CLANG_WARN_INFINITE_RECURSION = YES;
				CLANG_WARN_INT_CONVERSION = YES;
				CLANG_WARN_NON_LITERAL_NULL_CONVERSION = YES;
				CLANG_WARN_OBJC_LITERAL_CONVERSION = YES;
				CLANG_WARN_OBJC_ROOT_CLASS = YES_ERROR;
				CLANG_WARN_RANGE_LOOP_ANALYSIS = YES;
				CLANG_WARN_STRICT_PROTOTYPES = YES;
				CLANG_WARN_SUSPICIOUS_MOVE = YES;
				CLANG_WARN_UNGUARDED_AVAILABILITY = YES_AGGRESSIVE;
				CLANG_WARN_UNREACHABLE_CODE = YES;
				CLANG_WARN__DUPLICATE_METHOD_MATCH = YES;
				CODE_SIGN_IDENTITY = "iPhone Developer";
				COPY_PHASE_STRIP = NO;
				DEBUG_INFORMATION_FORMAT = dwarf;
				ENABLE_STRICT_OBJC_MSGSEND = YES;
				ENABLE_TESTABILITY = YES;
				GCC_C_LANGUAGE_STANDARD = gnu11;
				GCC_DYNAMIC_NO_PIC = NO;
				GCC_NO_COMMON_BLOCKS = YES;
				GCC_OPTIMIZATION_LEVEL = 0;
				GCC_PREPROCESSOR_DEFINITIONS = (
					"DEBUG=1",
					"$(inherited)",
				);
				GCC_WARN_64_TO_32_BIT_CONVERSION = YES;
				GCC_WARN_ABOUT_RETURN_TYPE = YES_ERROR;
				GCC_WARN_UNDECLARED_SELECTOR = YES;
				GCC_WARN_UNINITIALIZED_AUTOS = YES_AGGRESSIVE;
				GCC_WARN_UNUSED_FUNCTION = YES;
				GCC_WARN_UNUSED_VARIABLE = YES;
				IPHONEOS_DEPLOYMENT_TARGET = 11.2;
				MTL_ENABLE_DEBUG_INFO = YES;
				ONLY_ACTIVE_ARCH = YES;
				SDKROOT = iphoneos;
				SWIFT_ACTIVE_COMPILATION_CONDITIONS = DEBUG;
				SWIFT_OPTIMIZATION_LEVEL = "-Onone";
			};
			name = Debug;
		};
		099C3B8B20F9184500D4A4AF /* Release */ = {
			isa = XCBuildConfiguration;
			buildSettings = {
				ALWAYS_SEARCH_USER_PATHS = NO;
				CLANG_ANALYZER_NONNULL = YES;
				CLANG_ANALYZER_NUMBER_OBJECT_CONVERSION = YES_AGGRESSIVE;
				CLANG_CXX_LANGUAGE_STANDARD = "gnu++14";
				CLANG_CXX_LIBRARY = "libc++";
				CLANG_ENABLE_MODULES = YES;
				CLANG_ENABLE_OBJC_ARC = YES;
				CLANG_WARN_BLOCK_CAPTURE_AUTORELEASING = YES;
				CLANG_WARN_BOOL_CONVERSION = YES;
				CLANG_WARN_COMMA = YES;
				CLANG_WARN_CONSTANT_CONVERSION = YES;
				CLANG_WARN_DIRECT_OBJC_ISA_USAGE = YES_ERROR;
				CLANG_WARN_DOCUMENTATION_COMMENTS = YES;
				CLANG_WARN_EMPTY_BODY = YES;
				CLANG_WARN_ENUM_CONVERSION = YES;
				CLANG_WARN_INFINITE_RECURSION = YES;
				CLANG_WARN_INT_CONVERSION = YES;
				CLANG_WARN_NON_LITERAL_NULL_CONVERSION = YES;
				CLANG_WARN_OBJC_LITERAL_CONVERSION = YES;
				CLANG_WARN_OBJC_ROOT_CLASS = YES_ERROR;
				CLANG_WARN_RANGE_LOOP_ANALYSIS = YES;
				CLANG_WARN_STRICT_PROTOTYPES = YES;
				CLANG_WARN_SUSPICIOUS_MOVE = YES;
				CLANG_WARN_UNGUARDED_AVAILABILITY = YES_AGGRESSIVE;
				CLANG_WARN_UNREACHABLE_CODE = YES;
				CLANG_WARN__DUPLICATE_METHOD_MATCH = YES;
				CODE_SIGN_IDENTITY = "iPhone Developer";
				COPY_PHASE_STRIP = NO;
				DEBUG_INFORMATION_FORMAT = "dwarf-with-dsym";
				ENABLE_NS_ASSERTIONS = NO;
				ENABLE_STRICT_OBJC_MSGSEND = YES;
				GCC_C_LANGUAGE_STANDARD = gnu11;
				GCC_NO_COMMON_BLOCKS = YES;
				GCC_WARN_64_TO_32_BIT_CONVERSION = YES;
				GCC_WARN_ABOUT_RETURN_TYPE = YES_ERROR;
				GCC_WARN_UNDECLARED_SELECTOR = YES;
				GCC_WARN_UNINITIALIZED_AUTOS = YES_AGGRESSIVE;
				GCC_WARN_UNUSED_FUNCTION = YES;
				GCC_WARN_UNUSED_VARIABLE = YES;
				IPHONEOS_DEPLOYMENT_TARGET = 11.2;
				MTL_ENABLE_DEBUG_INFO = NO;
				SDKROOT = iphoneos;
				SWIFT_OPTIMIZATION_LEVEL = "-Owholemodule";
				VALIDATE_PRODUCT = YES;
			};
			name = Release;
		};
		099C3B8D20F9184500D4A4AF /* Debug */ = {
			isa = XCBuildConfiguration;
			buildSettings = {
				ASSETCATALOG_COMPILER_APPICON_NAME = AppIcon;
				CODE_SIGN_STYLE = Automatic;
				INFOPLIST_FILE = LioPalabras/Info.plist;
				LD_RUNPATH_SEARCH_PATHS = "$(inherited) @executable_path/Frameworks";
				PRODUCT_BUNDLE_IDENTIFIER = com.alegs0501.LioPalabras;
				PRODUCT_NAME = "$(TARGET_NAME)";
				SWIFT_VERSION = 4.0;
				TARGETED_DEVICE_FAMILY = "1,2";
			};
			name = Debug;
		};
		099C3B8E20F9184500D4A4AF /* Release */ = {
			isa = XCBuildConfiguration;
			buildSettings = {
				ASSETCATALOG_COMPILER_APPICON_NAME = AppIcon;
				CODE_SIGN_STYLE = Automatic;
				INFOPLIST_FILE = LioPalabras/Info.plist;
				LD_RUNPATH_SEARCH_PATHS = "$(inherited) @executable_path/Frameworks";
				PRODUCT_BUNDLE_IDENTIFIER = com.alegs0501.LioPalabras;
				PRODUCT_NAME = "$(TARGET_NAME)";
				SWIFT_VERSION = 4.0;
				TARGETED_DEVICE_FAMILY = "1,2";
			};
			name = Release;
		};
/* End XCBuildConfiguration section */

/* Begin XCConfigurationList section */
		099C3B7520F9184500D4A4AF /* Build configuration list for PBXProject "LioPalabras" */ = {
			isa = XCConfigurationList;
			buildConfigurations = (
				099C3B8A20F9184500D4A4AF /* Debug */,
				099C3B8B20F9184500D4A4AF /* Release */,
			);
			defaultConfigurationIsVisible = 0;
			defaultConfigurationName = Release;
		};
		099C3B8C20F9184500D4A4AF /* Build configuration list for PBXNativeTarget "LioPalabras" */ = {
			isa = XCConfigurationList;
			buildConfigurations = (
				099C3B8D20F9184500D4A4AF /* Debug */,
				099C3B8E20F9184500D4A4AF /* Release */,
			);
			defaultConfigurationIsVisible = 0;
			defaultConfigurationName = Release;
		};
/* End XCConfigurationList section */
	};
	rootObject = 099C3B7220F9184500D4A4AF /* Project object */;
}
